
Microsoft Visual Studio Solution File, Format Version 12.00
# Visual Studio Version 17
VisualStudioVersion = 17.11.35312.102
MinimumVisualStudioVersion = 10.0.40219.1
Project("{9A19103F-16F7-4668-BE54-9A1E7A4F7556}") = "TDDAssignment", "TDDAssignment\TDDAssignment.csproj", "{1D6EDA3B-60E4-49D1-A3FE-0C7DC53CAF8D}"
EndProject
Project("{FAE04EC0-301F-11D3-BF4B-00C04F79EFBC}") = "TDDAssignmentTests", "TDDAssignmentTests\TDDAssignmentTests.csproj", "{ECC09270-41AF-41B1-B0D3-3DCDFA9819E8}"
EndProject
Global
	GlobalSection(SolutionConfigurationPlatforms) = preSolution
		Debug|Any CPU = Debug|Any CPU
		Release|Any CPU = Release|Any CPU
	EndGlobalSection
	GlobalSection(ProjectConfigurationPlatforms) = postSolution
		{1D6EDA3B-60E4-49D1-A3FE-0C7DC53CAF8D}.Debug|Any CPU.ActiveCfg = Debug|Any CPU
		{1D6EDA3B-60E4-49D1-A3FE-0C7DC53CAF8D}.Debug|Any CPU.Build.0 = Debug|Any CPU
		{1D6EDA3B-60E4-49D1-A3FE-0C7DC53CAF8D}.Release|Any CPU.ActiveCfg = Release|Any CPU
		{1D6EDA3B-60E4-49D1-A3FE-0C7DC53CAF8D}.Release|Any CPU.Build.0 = Release|Any CPU
		{ECC09270-41AF-41B1-B0D3-3DCDFA9819E8}.Debug|Any CPU.ActiveCfg = Debug|Any CPU
		{ECC09270-41AF-41B1-B0D3-3DCDFA9819E8}.Debug|Any CPU.Build.0 = Debug|Any CPU
		{ECC09270-41AF-41B1-B0D3-3DCDFA9819E8}.Release|Any CPU.ActiveCfg = Release|Any CPU
		{ECC09270-41AF-41B1-B0D3-3DCDFA9819E8}.Release|Any CPU.Build.0 = Release|Any CPU
	EndGlobalSection
	GlobalSection(SolutionProperties) = preSolution
		HideSolutionNode = FALSE
	EndGlobalSection
	GlobalSection(ExtensibilityGlobals) = postSolution
		SolutionGuid = {11DA39F6-60A1-4CFF-A017-B4FB2DED5E3E}
	EndGlobalSection
EndGlobal
